// !$*UTF8*$!
{
	archiveVersion = 1;
	classes = {
	};
	objectVersion = 56;
	objects = {

/* Begin PBXBuildFile section */
		0417F90F2C032EB800B15529 /* MockNetworkService.swift in Sources */ = {isa = PBXBuildFile; fileRef = 0417F90E2C032EB800B15529 /* MockNetworkService.swift */; };
		0417F9112C03380800B15529 /* TestMock.swift in Sources */ = {isa = PBXBuildFile; fileRef = 0417F9102C03380800B15529 /* TestMock.swift */; };
		04B6BD4A2BFB7A9000D79563 /* HomeCollectionViewCell.swift in Sources */ = {isa = PBXBuildFile; fileRef = 04B6BD492BFB7A9000D79563 /* HomeCollectionViewCell.swift */; };
		04B6BD4E2BFB7F9000D79563 /* SportsViewController.swift in Sources */ = {isa = PBXBuildFile; fileRef = 04B6BD4D2BFB7F9000D79563 /* SportsViewController.swift */; };
		04B88D3C2C03BC6E00368D35 /* MockTest.swift in Sources */ = {isa = PBXBuildFile; fileRef = 04B88D3B2C03BC6E00368D35 /* MockTest.swift */; };
		04CAEF8C2BFE3765002E3DBE /* TeamDetailsViewController.swift in Sources */ = {isa = PBXBuildFile; fileRef = 04CAEF8B2BFE3765002E3DBE /* TeamDetailsViewController.swift */; };
		04CAEF8F2BFE3B2D002E3DBE /* TeamDetailsTableViewCell.swift in Sources */ = {isa = PBXBuildFile; fileRef = 04CAEF8D2BFE3B2D002E3DBE /* TeamDetailsTableViewCell.swift */; };
		04CAEF902BFE3B2D002E3DBE /* TeamDetailsTableViewCell.xib in Resources */ = {isa = PBXBuildFile; fileRef = 04CAEF8E2BFE3B2D002E3DBE /* TeamDetailsTableViewCell.xib */; };
		04CAEF922BFE422B002E3DBE /* TeamDetailsViewModel.swift in Sources */ = {isa = PBXBuildFile; fileRef = 04CAEF912BFE422B002E3DBE /* TeamDetailsViewModel.swift */; };
		04CAEF942BFE42E2002E3DBE /* Team.swift in Sources */ = {isa = PBXBuildFile; fileRef = 04CAEF932BFE42E2002E3DBE /* Team.swift */; };
		04E94FBB2C0097DC00A9C735 /* FavoriteTableViewCell.xib in Resources */ = {isa = PBXBuildFile; fileRef = 04E94FBA2C0097DC00A9C735 /* FavoriteTableViewCell.xib */; };
		04E94FBC2C0097DC00A9C735 /* FavoriteTableViewCell.swift in Sources */ = {isa = PBXBuildFile; fileRef = 04E94FB92C0097DC00A9C735 /* FavoriteTableViewCell.swift */; };
		0557DCA07D7EA35C8392153B /* Pods_SportssAppTests.framework in Frameworks */ = {isa = PBXBuildFile; fileRef = CFEF1AB1A4F8290C2A5EBAFD /* Pods_SportssAppTests.framework */; };
		AB3DF7F46BF0BC781AD679B6 /* Pods_SportssApp_SportssAppUITests.framework in Frameworks */ = {isa = PBXBuildFile; fileRef = D03980B92691B57C9B8AB96F /* Pods_SportssApp_SportssAppUITests.framework */; };
		DB92145717E3AE1DF4FCA461 /* Pods_SportssApp.framework in Frameworks */ = {isa = PBXBuildFile; fileRef = 47DEF0D6593D560C356D424F /* Pods_SportssApp.framework */; };
		E7033EF22BFF0DA800E50A3C /* HeaderCell.swift in Sources */ = {isa = PBXBuildFile; fileRef = E7033EF02BFF0DA800E50A3C /* HeaderCell.swift */; };
		E7033EF32BFF0DA800E50A3C /* HeaderCell.xib in Resources */ = {isa = PBXBuildFile; fileRef = E7033EF12BFF0DA800E50A3C /* HeaderCell.xib */; };
		E73D40EF2C027F8F007AFBB8 /* DatabaseMangaerTest.swift in Sources */ = {isa = PBXBuildFile; fileRef = E73D40EE2C027F8F007AFBB8 /* DatabaseMangaerTest.swift */; };
		E74ACE9D2BFEF3D20048976B /* UpComingEventsCell.swift in Sources */ = {isa = PBXBuildFile; fileRef = E74ACE9B2BFEF3D20048976B /* UpComingEventsCell.swift */; };
		E74ACE9E2BFEF3D20048976B /* UpComingEventsCell.xib in Resources */ = {isa = PBXBuildFile; fileRef = E74ACE9C2BFEF3D20048976B /* UpComingEventsCell.xib */; };
		E74ACEA12BFEF3E20048976B /* TeamCell.swift in Sources */ = {isa = PBXBuildFile; fileRef = E74ACE9F2BFEF3E20048976B /* TeamCell.swift */; };
		E74ACEA22BFEF3E20048976B /* TeamCell.xib in Resources */ = {isa = PBXBuildFile; fileRef = E74ACEA02BFEF3E20048976B /* TeamCell.xib */; };
		E74ACEA42BFEF4100048976B /* LeagueDetailsViewModel.swift in Sources */ = {isa = PBXBuildFile; fileRef = E74ACEA32BFEF4100048976B /* LeagueDetailsViewModel.swift */; };
		E755B7792BFE1CE000D6CBFA /* LeagueCell.swift in Sources */ = {isa = PBXBuildFile; fileRef = E755B7772BFE1CE000D6CBFA /* LeagueCell.swift */; };
		E755B77A2BFE1CE000D6CBFA /* LeagueCell.xib in Resources */ = {isa = PBXBuildFile; fileRef = E755B7782BFE1CE000D6CBFA /* LeagueCell.xib */; };
		E755B77C2BFE1EA200D6CBFA /* AllLeaguesTableViewController.swift in Sources */ = {isa = PBXBuildFile; fileRef = E755B77B2BFE1EA200D6CBFA /* AllLeaguesTableViewController.swift */; };
		E755B77F2BFE1EFE00D6CBFA /* AllLeaguesViewModel.swift in Sources */ = {isa = PBXBuildFile; fileRef = E755B77E2BFE1EFE00D6CBFA /* AllLeaguesViewModel.swift */; };
		E755B7822BFE1F2D00D6CBFA /* Constants.swift in Sources */ = {isa = PBXBuildFile; fileRef = E755B7812BFE1F2D00D6CBFA /* Constants.swift */; };
		E755B7842BFE209200D6CBFA /* DatabaseManager.swift in Sources */ = {isa = PBXBuildFile; fileRef = E755B7832BFE209200D6CBFA /* DatabaseManager.swift */; };
		E755B7882BFE23A800D6CBFA /* LeagueDetailsViewController.swift in Sources */ = {isa = PBXBuildFile; fileRef = E755B7872BFE23A800D6CBFA /* LeagueDetailsViewController.swift */; };
		E7BDC2BF2BFFBA13009C9E47 /* LatestEventsCell.swift in Sources */ = {isa = PBXBuildFile; fileRef = E7BDC2BD2BFFBA13009C9E47 /* LatestEventsCell.swift */; };
		E7BDC2C02BFFBA13009C9E47 /* LatestEventsCell.xib in Resources */ = {isa = PBXBuildFile; fileRef = E7BDC2BE2BFFBA13009C9E47 /* LatestEventsCell.xib */; };
		E7E3B9862BFB68C10025CC67 /* AppDelegate.swift in Sources */ = {isa = PBXBuildFile; fileRef = E7E3B9852BFB68C10025CC67 /* AppDelegate.swift */; };
		E7E3B9882BFB68C10025CC67 /* SceneDelegate.swift in Sources */ = {isa = PBXBuildFile; fileRef = E7E3B9872BFB68C10025CC67 /* SceneDelegate.swift */; };
		E7E3B98A2BFB68C10025CC67 /* ViewController.swift in Sources */ = {isa = PBXBuildFile; fileRef = E7E3B9892BFB68C10025CC67 /* ViewController.swift */; };
		E7E3B98D2BFB68C10025CC67 /* Main.storyboard in Resources */ = {isa = PBXBuildFile; fileRef = E7E3B98B2BFB68C10025CC67 /* Main.storyboard */; };
		E7E3B9902BFB68C10025CC67 /* SportssApp.xcdatamodeld in Sources */ = {isa = PBXBuildFile; fileRef = E7E3B98E2BFB68C10025CC67 /* SportssApp.xcdatamodeld */; };
		E7E3B9922BFB68C30025CC67 /* Assets.xcassets in Resources */ = {isa = PBXBuildFile; fileRef = E7E3B9912BFB68C30025CC67 /* Assets.xcassets */; };
		E7E3B9952BFB68C30025CC67 /* LaunchScreen.storyboard in Resources */ = {isa = PBXBuildFile; fileRef = E7E3B9932BFB68C30025CC67 /* LaunchScreen.storyboard */; };
		E7E3B9A02BFB68C30025CC67 /* SportssAppTests.swift in Sources */ = {isa = PBXBuildFile; fileRef = E7E3B99F2BFB68C30025CC67 /* SportssAppTests.swift */; };
		E7E3B9AA2BFB68C30025CC67 /* SportssAppUITests.swift in Sources */ = {isa = PBXBuildFile; fileRef = E7E3B9A92BFB68C30025CC67 /* SportssAppUITests.swift */; };
		E7E3B9AC2BFB68C30025CC67 /* SportssAppUITestsLaunchTests.swift in Sources */ = {isa = PBXBuildFile; fileRef = E7E3B9AB2BFB68C30025CC67 /* SportssAppUITestsLaunchTests.swift */; };
		E7E3B9BC2BFB68E70025CC67 /* League.swift in Sources */ = {isa = PBXBuildFile; fileRef = E7E3B9BB2BFB68E70025CC67 /* League.swift */; };
		E7E3B9C52BFB70180025CC67 /* Sports.swift in Sources */ = {isa = PBXBuildFile; fileRef = E7E3B9C42BFB70180025CC67 /* Sports.swift */; };
		E7E3B9C72BFB70230025CC67 /* Response.swift in Sources */ = {isa = PBXBuildFile; fileRef = E7E3B9C62BFB70230025CC67 /* Response.swift */; };
		E7E3B9C92BFB70410025CC67 /* Event.swift in Sources */ = {isa = PBXBuildFile; fileRef = E7E3B9C82BFB70410025CC67 /* Event.swift */; };
		E7E3B9CD2BFB722F0025CC67 /* HomeViewModel.swift in Sources */ = {isa = PBXBuildFile; fileRef = E7E3B9CC2BFB722F0025CC67 /* HomeViewModel.swift */; };
		E7E3B9CF2BFB7B600025CC67 /* FavoriteViewController.swift in Sources */ = {isa = PBXBuildFile; fileRef = E7E3B9CE2BFB7B600025CC67 /* FavoriteViewController.swift */; };
		E7E3B9D32BFB7B840025CC67 /* FavoriteViewModel.swift in Sources */ = {isa = PBXBuildFile; fileRef = E7E3B9D22BFB7B840025CC67 /* FavoriteViewModel.swift */; };
		E7E3B9DA2BFB876A0025CC67 /* NetworkManager.swift in Sources */ = {isa = PBXBuildFile; fileRef = E7E3B9D92BFB876A0025CC67 /* NetworkManager.swift */; };
		E7E3B9DC2BFB889F0025CC67 /* ScreensStoryBoard.storyboard in Resources */ = {isa = PBXBuildFile; fileRef = E7E3B9DB2BFB889F0025CC67 /* ScreensStoryBoard.storyboard */; };
/* End PBXBuildFile section */

/* Begin PBXContainerItemProxy section */
		E7E3B99C2BFB68C30025CC67 /* PBXContainerItemProxy */ = {
			isa = PBXContainerItemProxy;
			containerPortal = E7E3B97A2BFB68C10025CC67 /* Project object */;
			proxyType = 1;
			remoteGlobalIDString = E7E3B9812BFB68C10025CC67;
			remoteInfo = SportssApp;
		};
		E7E3B9A62BFB68C30025CC67 /* PBXContainerItemProxy */ = {
			isa = PBXContainerItemProxy;
			containerPortal = E7E3B97A2BFB68C10025CC67 /* Project object */;
			proxyType = 1;
			remoteGlobalIDString = E7E3B9812BFB68C10025CC67;
			remoteInfo = SportssApp;
		};
/* End PBXContainerItemProxy section */

/* Begin PBXFileReference section */
		00CD9B55F54BB5BC1B6A8F90 /* Pods-SportssApp.debug.xcconfig */ = {isa = PBXFileReference; includeInIndex = 1; lastKnownFileType = text.xcconfig; name = "Pods-SportssApp.debug.xcconfig"; path = "Target Support Files/Pods-SportssApp/Pods-SportssApp.debug.xcconfig"; sourceTree = "<group>"; };
		0417F90E2C032EB800B15529 /* MockNetworkService.swift */ = {isa = PBXFileReference; lastKnownFileType = sourcecode.swift; path = MockNetworkService.swift; sourceTree = "<group>"; };
		0417F9102C03380800B15529 /* TestMock.swift */ = {isa = PBXFileReference; lastKnownFileType = sourcecode.swift; path = TestMock.swift; sourceTree = "<group>"; };
		04B6BD492BFB7A9000D79563 /* HomeCollectionViewCell.swift */ = {isa = PBXFileReference; lastKnownFileType = sourcecode.swift; path = HomeCollectionViewCell.swift; sourceTree = "<group>"; };
		04B6BD4D2BFB7F9000D79563 /* SportsViewController.swift */ = {isa = PBXFileReference; lastKnownFileType = sourcecode.swift; path = SportsViewController.swift; sourceTree = "<group>"; };
		04B88D3B2C03BC6E00368D35 /* MockTest.swift */ = {isa = PBXFileReference; lastKnownFileType = sourcecode.swift; path = MockTest.swift; sourceTree = "<group>"; };
		04CAEF8B2BFE3765002E3DBE /* TeamDetailsViewController.swift */ = {isa = PBXFileReference; lastKnownFileType = sourcecode.swift; path = TeamDetailsViewController.swift; sourceTree = "<group>"; };
		04CAEF8D2BFE3B2D002E3DBE /* TeamDetailsTableViewCell.swift */ = {isa = PBXFileReference; lastKnownFileType = sourcecode.swift; path = TeamDetailsTableViewCell.swift; sourceTree = "<group>"; };
		04CAEF8E2BFE3B2D002E3DBE /* TeamDetailsTableViewCell.xib */ = {isa = PBXFileReference; lastKnownFileType = file.xib; path = TeamDetailsTableViewCell.xib; sourceTree = "<group>"; };
		04CAEF912BFE422B002E3DBE /* TeamDetailsViewModel.swift */ = {isa = PBXFileReference; lastKnownFileType = sourcecode.swift; path = TeamDetailsViewModel.swift; sourceTree = "<group>"; };
		04CAEF932BFE42E2002E3DBE /* Team.swift */ = {isa = PBXFileReference; lastKnownFileType = sourcecode.swift; path = Team.swift; sourceTree = "<group>"; };
		04E94FB92C0097DC00A9C735 /* FavoriteTableViewCell.swift */ = {isa = PBXFileReference; lastKnownFileType = sourcecode.swift; path = FavoriteTableViewCell.swift; sourceTree = "<group>"; };
		04E94FBA2C0097DC00A9C735 /* FavoriteTableViewCell.xib */ = {isa = PBXFileReference; lastKnownFileType = file.xib; path = FavoriteTableViewCell.xib; sourceTree = "<group>"; };
		3F10822ED72497F9D54A37D0 /* Pods-SportssApp-SportssAppUITests.debug.xcconfig */ = {isa = PBXFileReference; includeInIndex = 1; lastKnownFileType = text.xcconfig; name = "Pods-SportssApp-SportssAppUITests.debug.xcconfig"; path = "Target Support Files/Pods-SportssApp-SportssAppUITests/Pods-SportssApp-SportssAppUITests.debug.xcconfig"; sourceTree = "<group>"; };
		47DEF0D6593D560C356D424F /* Pods_SportssApp.framework */ = {isa = PBXFileReference; explicitFileType = wrapper.framework; includeInIndex = 0; path = Pods_SportssApp.framework; sourceTree = BUILT_PRODUCTS_DIR; };
		61FC45324A2BA1ADE9568E41 /* Pods-SportssApp.release.xcconfig */ = {isa = PBXFileReference; includeInIndex = 1; lastKnownFileType = text.xcconfig; name = "Pods-SportssApp.release.xcconfig"; path = "Target Support Files/Pods-SportssApp/Pods-SportssApp.release.xcconfig"; sourceTree = "<group>"; };
		6A8029BE59618484602E7AFD /* Pods-SportssApp-SportssAppUITests.release.xcconfig */ = {isa = PBXFileReference; includeInIndex = 1; lastKnownFileType = text.xcconfig; name = "Pods-SportssApp-SportssAppUITests.release.xcconfig"; path = "Target Support Files/Pods-SportssApp-SportssAppUITests/Pods-SportssApp-SportssAppUITests.release.xcconfig"; sourceTree = "<group>"; };
		A23645013D4967560F2CDF30 /* Pods-SportssAppTests.debug.xcconfig */ = {isa = PBXFileReference; includeInIndex = 1; lastKnownFileType = text.xcconfig; name = "Pods-SportssAppTests.debug.xcconfig"; path = "Target Support Files/Pods-SportssAppTests/Pods-SportssAppTests.debug.xcconfig"; sourceTree = "<group>"; };
		C035A186ED91AEDD65E10E01 /* Pods-SportssAppTests.release.xcconfig */ = {isa = PBXFileReference; includeInIndex = 1; lastKnownFileType = text.xcconfig; name = "Pods-SportssAppTests.release.xcconfig"; path = "Target Support Files/Pods-SportssAppTests/Pods-SportssAppTests.release.xcconfig"; sourceTree = "<group>"; };
		CFEF1AB1A4F8290C2A5EBAFD /* Pods_SportssAppTests.framework */ = {isa = PBXFileReference; explicitFileType = wrapper.framework; includeInIndex = 0; path = Pods_SportssAppTests.framework; sourceTree = BUILT_PRODUCTS_DIR; };
		D03980B92691B57C9B8AB96F /* Pods_SportssApp_SportssAppUITests.framework */ = {isa = PBXFileReference; explicitFileType = wrapper.framework; includeInIndex = 0; path = Pods_SportssApp_SportssAppUITests.framework; sourceTree = BUILT_PRODUCTS_DIR; };
		E7033EF02BFF0DA800E50A3C /* HeaderCell.swift */ = {isa = PBXFileReference; lastKnownFileType = sourcecode.swift; path = HeaderCell.swift; sourceTree = "<group>"; };
		E7033EF12BFF0DA800E50A3C /* HeaderCell.xib */ = {isa = PBXFileReference; lastKnownFileType = file.xib; path = HeaderCell.xib; sourceTree = "<group>"; };
		E73D40EE2C027F8F007AFBB8 /* DatabaseMangaerTest.swift */ = {isa = PBXFileReference; lastKnownFileType = sourcecode.swift; path = DatabaseMangaerTest.swift; sourceTree = "<group>"; };
		E74ACE9B2BFEF3D20048976B /* UpComingEventsCell.swift */ = {isa = PBXFileReference; lastKnownFileType = sourcecode.swift; path = UpComingEventsCell.swift; sourceTree = "<group>"; };
		E74ACE9C2BFEF3D20048976B /* UpComingEventsCell.xib */ = {isa = PBXFileReference; lastKnownFileType = file.xib; path = UpComingEventsCell.xib; sourceTree = "<group>"; };
		E74ACE9F2BFEF3E20048976B /* TeamCell.swift */ = {isa = PBXFileReference; lastKnownFileType = sourcecode.swift; path = TeamCell.swift; sourceTree = "<group>"; };
		E74ACEA02BFEF3E20048976B /* TeamCell.xib */ = {isa = PBXFileReference; lastKnownFileType = file.xib; path = TeamCell.xib; sourceTree = "<group>"; };
		E74ACEA32BFEF4100048976B /* LeagueDetailsViewModel.swift */ = {isa = PBXFileReference; lastKnownFileType = sourcecode.swift; path = LeagueDetailsViewModel.swift; sourceTree = "<group>"; };
		E755B7772BFE1CE000D6CBFA /* LeagueCell.swift */ = {isa = PBXFileReference; lastKnownFileType = sourcecode.swift; path = LeagueCell.swift; sourceTree = "<group>"; };
		E755B7782BFE1CE000D6CBFA /* LeagueCell.xib */ = {isa = PBXFileReference; lastKnownFileType = file.xib; path = LeagueCell.xib; sourceTree = "<group>"; };
		E755B77B2BFE1EA200D6CBFA /* AllLeaguesTableViewController.swift */ = {isa = PBXFileReference; lastKnownFileType = sourcecode.swift; path = AllLeaguesTableViewController.swift; sourceTree = "<group>"; };
		E755B77E2BFE1EFE00D6CBFA /* AllLeaguesViewModel.swift */ = {isa = PBXFileReference; lastKnownFileType = sourcecode.swift; path = AllLeaguesViewModel.swift; sourceTree = "<group>"; };
		E755B7812BFE1F2D00D6CBFA /* Constants.swift */ = {isa = PBXFileReference; lastKnownFileType = sourcecode.swift; path = Constants.swift; sourceTree = "<group>"; };
		E755B7832BFE209200D6CBFA /* DatabaseManager.swift */ = {isa = PBXFileReference; lastKnownFileType = sourcecode.swift; path = DatabaseManager.swift; sourceTree = "<group>"; };
		E755B7872BFE23A800D6CBFA /* LeagueDetailsViewController.swift */ = {isa = PBXFileReference; lastKnownFileType = sourcecode.swift; path = LeagueDetailsViewController.swift; sourceTree = "<group>"; };
		E7BDC2BD2BFFBA13009C9E47 /* LatestEventsCell.swift */ = {isa = PBXFileReference; lastKnownFileType = sourcecode.swift; path = LatestEventsCell.swift; sourceTree = "<group>"; };
		E7BDC2BE2BFFBA13009C9E47 /* LatestEventsCell.xib */ = {isa = PBXFileReference; lastKnownFileType = file.xib; path = LatestEventsCell.xib; sourceTree = "<group>"; };
		E7E3B9822BFB68C10025CC67 /* SportssApp.app */ = {isa = PBXFileReference; explicitFileType = wrapper.application; includeInIndex = 0; path = SportssApp.app; sourceTree = BUILT_PRODUCTS_DIR; };
		E7E3B9852BFB68C10025CC67 /* AppDelegate.swift */ = {isa = PBXFileReference; lastKnownFileType = sourcecode.swift; path = AppDelegate.swift; sourceTree = "<group>"; };
		E7E3B9872BFB68C10025CC67 /* SceneDelegate.swift */ = {isa = PBXFileReference; lastKnownFileType = sourcecode.swift; path = SceneDelegate.swift; sourceTree = "<group>"; };
		E7E3B9892BFB68C10025CC67 /* ViewController.swift */ = {isa = PBXFileReference; lastKnownFileType = sourcecode.swift; path = ViewController.swift; sourceTree = "<group>"; };
		E7E3B98C2BFB68C10025CC67 /* Base */ = {isa = PBXFileReference; lastKnownFileType = file.storyboard; name = Base; path = Base.lproj/Main.storyboard; sourceTree = "<group>"; };
		E7E3B98F2BFB68C10025CC67 /* SportssApp.xcdatamodel */ = {isa = PBXFileReference; lastKnownFileType = wrapper.xcdatamodel; path = SportssApp.xcdatamodel; sourceTree = "<group>"; };
		E7E3B9912BFB68C30025CC67 /* Assets.xcassets */ = {isa = PBXFileReference; lastKnownFileType = folder.assetcatalog; path = Assets.xcassets; sourceTree = "<group>"; };
		E7E3B9942BFB68C30025CC67 /* Base */ = {isa = PBXFileReference; lastKnownFileType = file.storyboard; name = Base; path = Base.lproj/LaunchScreen.storyboard; sourceTree = "<group>"; };
		E7E3B9962BFB68C30025CC67 /* Info.plist */ = {isa = PBXFileReference; lastKnownFileType = text.plist.xml; path = Info.plist; sourceTree = "<group>"; };
		E7E3B99B2BFB68C30025CC67 /* SportssAppTests.xctest */ = {isa = PBXFileReference; explicitFileType = wrapper.cfbundle; includeInIndex = 0; path = SportssAppTests.xctest; sourceTree = BUILT_PRODUCTS_DIR; };
		E7E3B99F2BFB68C30025CC67 /* SportssAppTests.swift */ = {isa = PBXFileReference; lastKnownFileType = sourcecode.swift; path = SportssAppTests.swift; sourceTree = "<group>"; };
		E7E3B9A52BFB68C30025CC67 /* SportssAppUITests.xctest */ = {isa = PBXFileReference; explicitFileType = wrapper.cfbundle; includeInIndex = 0; path = SportssAppUITests.xctest; sourceTree = BUILT_PRODUCTS_DIR; };
		E7E3B9A92BFB68C30025CC67 /* SportssAppUITests.swift */ = {isa = PBXFileReference; lastKnownFileType = sourcecode.swift; path = SportssAppUITests.swift; sourceTree = "<group>"; };
		E7E3B9AB2BFB68C30025CC67 /* SportssAppUITestsLaunchTests.swift */ = {isa = PBXFileReference; lastKnownFileType = sourcecode.swift; path = SportssAppUITestsLaunchTests.swift; sourceTree = "<group>"; };
		E7E3B9BB2BFB68E70025CC67 /* League.swift */ = {isa = PBXFileReference; lastKnownFileType = sourcecode.swift; path = League.swift; sourceTree = "<group>"; };
		E7E3B9C42BFB70180025CC67 /* Sports.swift */ = {isa = PBXFileReference; lastKnownFileType = sourcecode.swift; path = Sports.swift; sourceTree = "<group>"; };
		E7E3B9C62BFB70230025CC67 /* Response.swift */ = {isa = PBXFileReference; lastKnownFileType = sourcecode.swift; path = Response.swift; sourceTree = "<group>"; };
		E7E3B9C82BFB70410025CC67 /* Event.swift */ = {isa = PBXFileReference; lastKnownFileType = sourcecode.swift; path = Event.swift; sourceTree = "<group>"; };
		E7E3B9CC2BFB722F0025CC67 /* HomeViewModel.swift */ = {isa = PBXFileReference; lastKnownFileType = sourcecode.swift; path = HomeViewModel.swift; sourceTree = "<group>"; };
		E7E3B9CE2BFB7B600025CC67 /* FavoriteViewController.swift */ = {isa = PBXFileReference; lastKnownFileType = sourcecode.swift; path = FavoriteViewController.swift; sourceTree = "<group>"; };
		E7E3B9D22BFB7B840025CC67 /* FavoriteViewModel.swift */ = {isa = PBXFileReference; lastKnownFileType = sourcecode.swift; path = FavoriteViewModel.swift; sourceTree = "<group>"; };
		E7E3B9D92BFB876A0025CC67 /* NetworkManager.swift */ = {isa = PBXFileReference; lastKnownFileType = sourcecode.swift; path = NetworkManager.swift; sourceTree = "<group>"; };
		E7E3B9DB2BFB889F0025CC67 /* ScreensStoryBoard.storyboard */ = {isa = PBXFileReference; lastKnownFileType = file.storyboard; path = ScreensStoryBoard.storyboard; sourceTree = "<group>"; };
/* End PBXFileReference section */

/* Begin PBXFrameworksBuildPhase section */
		E7E3B97F2BFB68C10025CC67 /* Frameworks */ = {
			isa = PBXFrameworksBuildPhase;
			buildActionMask = 2147483647;
			files = (
				DB92145717E3AE1DF4FCA461 /* Pods_SportssApp.framework in Frameworks */,
			);
			runOnlyForDeploymentPostprocessing = 0;
		};
		E7E3B9982BFB68C30025CC67 /* Frameworks */ = {
			isa = PBXFrameworksBuildPhase;
			buildActionMask = 2147483647;
			files = (
				0557DCA07D7EA35C8392153B /* Pods_SportssAppTests.framework in Frameworks */,
			);
			runOnlyForDeploymentPostprocessing = 0;
		};
		E7E3B9A22BFB68C30025CC67 /* Frameworks */ = {
			isa = PBXFrameworksBuildPhase;
			buildActionMask = 2147483647;
			files = (
				AB3DF7F46BF0BC781AD679B6 /* Pods_SportssApp_SportssAppUITests.framework in Frameworks */,
			);
			runOnlyForDeploymentPostprocessing = 0;
		};
/* End PBXFrameworksBuildPhase section */

/* Begin PBXGroup section */
		0417F90D2C032E6700B15529 /* Mocks */ = {
			isa = PBXGroup;
			children = (
				0417F90E2C032EB800B15529 /* MockNetworkService.swift */,
				04B88D3B2C03BC6E00368D35 /* MockTest.swift */,
				0417F9102C03380800B15529 /* TestMock.swift */,
			);
			path = Mocks;
			sourceTree = "<group>";
		};
		04CAEF872BFE36E4002E3DBE /* view */ = {
			isa = PBXGroup;
			children = (
				04CAEF8B2BFE3765002E3DBE /* TeamDetailsViewController.swift */,
				04CAEF8D2BFE3B2D002E3DBE /* TeamDetailsTableViewCell.swift */,
				04CAEF8E2BFE3B2D002E3DBE /* TeamDetailsTableViewCell.xib */,
			);
			path = view;
			sourceTree = "<group>";
		};
		04CAEF882BFE36ED002E3DBE /* viewModel */ = {
			isa = PBXGroup;
			children = (
				04CAEF912BFE422B002E3DBE /* TeamDetailsViewModel.swift */,
			);
			path = viewModel;
			sourceTree = "<group>";
		};
		A072E2B19F163CED33348C0C /* Pods */ = {
			isa = PBXGroup;
			children = (
				00CD9B55F54BB5BC1B6A8F90 /* Pods-SportssApp.debug.xcconfig */,
				61FC45324A2BA1ADE9568E41 /* Pods-SportssApp.release.xcconfig */,
				3F10822ED72497F9D54A37D0 /* Pods-SportssApp-SportssAppUITests.debug.xcconfig */,
				6A8029BE59618484602E7AFD /* Pods-SportssApp-SportssAppUITests.release.xcconfig */,
				A23645013D4967560F2CDF30 /* Pods-SportssAppTests.debug.xcconfig */,
				C035A186ED91AEDD65E10E01 /* Pods-SportssAppTests.release.xcconfig */,
			);
			path = Pods;
			sourceTree = "<group>";
		};
		D5A8CC625030FB55D0245E05 /* Frameworks */ = {
			isa = PBXGroup;
			children = (
				47DEF0D6593D560C356D424F /* Pods_SportssApp.framework */,
				D03980B92691B57C9B8AB96F /* Pods_SportssApp_SportssAppUITests.framework */,
				CFEF1AB1A4F8290C2A5EBAFD /* Pods_SportssAppTests.framework */,
			);
			name = Frameworks;
			sourceTree = "<group>";
		};
		E73D40ED2C027F77007AFBB8 /* storage */ = {
			isa = PBXGroup;
			children = (
				E73D40EE2C027F8F007AFBB8 /* DatabaseMangaerTest.swift */,
			);
			path = storage;
			sourceTree = "<group>";
		};
		E7438AD32C0132C2002D6422 /* serviceTest */ = {
			isa = PBXGroup;
			children = (
				E73D40ED2C027F77007AFBB8 /* storage */,
				E7438AD42C0132CB002D6422 /* network */,
			);
			path = serviceTest;
			sourceTree = "<group>";
		};
		E7438AD42C0132CB002D6422 /* network */ = {
			isa = PBXGroup;
			children = (
				0417F90D2C032E6700B15529 /* Mocks */,
			);
			path = network;
			sourceTree = "<group>";
		};
		E755B7752BFE1BBC00D6CBFA /* view */ = {
			isa = PBXGroup;
			children = (
				E755B7772BFE1CE000D6CBFA /* LeagueCell.swift */,
				E755B7782BFE1CE000D6CBFA /* LeagueCell.xib */,
				E755B77B2BFE1EA200D6CBFA /* AllLeaguesTableViewController.swift */,
			);
			path = view;
			sourceTree = "<group>";
		};
		E755B7762BFE1BC900D6CBFA /* viewModel */ = {
			isa = PBXGroup;
			children = (
				E755B77E2BFE1EFE00D6CBFA /* AllLeaguesViewModel.swift */,
			);
			path = viewModel;
			sourceTree = "<group>";
		};
		E755B7802BFE1F2100D6CBFA /* Utilities */ = {
			isa = PBXGroup;
			children = (
				E755B7812BFE1F2D00D6CBFA /* Constants.swift */,
			);
			path = Utilities;
			sourceTree = "<group>";
		};
		E755B7852BFE236B00D6CBFA /* view */ = {
			isa = PBXGroup;
			children = (
				E755B7872BFE23A800D6CBFA /* LeagueDetailsViewController.swift */,
				E74ACE9B2BFEF3D20048976B /* UpComingEventsCell.swift */,
				E74ACE9C2BFEF3D20048976B /* UpComingEventsCell.xib */,
				E74ACE9F2BFEF3E20048976B /* TeamCell.swift */,
				E74ACEA02BFEF3E20048976B /* TeamCell.xib */,
				E7033EF02BFF0DA800E50A3C /* HeaderCell.swift */,
				E7033EF12BFF0DA800E50A3C /* HeaderCell.xib */,
				E7BDC2BD2BFFBA13009C9E47 /* LatestEventsCell.swift */,
				E7BDC2BE2BFFBA13009C9E47 /* LatestEventsCell.xib */,
			);
			path = view;
			sourceTree = "<group>";
		};
		E755B7862BFE237000D6CBFA /* viewModel */ = {
			isa = PBXGroup;
			children = (
				E74ACEA32BFEF4100048976B /* LeagueDetailsViewModel.swift */,
			);
			path = viewModel;
			sourceTree = "<group>";
		};
		E7E3B9792BFB68C10025CC67 = {
			isa = PBXGroup;
			children = (
				E7E3B9842BFB68C10025CC67 /* SportssApp */,
				E7E3B99E2BFB68C30025CC67 /* SportssAppTests */,
				E7E3B9A82BFB68C30025CC67 /* SportssAppUITests */,
				E7E3B9832BFB68C10025CC67 /* Products */,
				A072E2B19F163CED33348C0C /* Pods */,
				D5A8CC625030FB55D0245E05 /* Frameworks */,
			);
			sourceTree = "<group>";
		};
		E7E3B9832BFB68C10025CC67 /* Products */ = {
			isa = PBXGroup;
			children = (
				E7E3B9822BFB68C10025CC67 /* SportssApp.app */,
				E7E3B99B2BFB68C30025CC67 /* SportssAppTests.xctest */,
				E7E3B9A52BFB68C30025CC67 /* SportssAppUITests.xctest */,
			);
			name = Products;
			sourceTree = "<group>";
		};
		E7E3B9842BFB68C10025CC67 /* SportssApp */ = {
			isa = PBXGroup;
			children = (
				E755B7802BFE1F2100D6CBFA /* Utilities */,
				E7E3B9D62BFB87440025CC67 /* Servies */,
				E7E3B9BD2BFB6F2A0025CC67 /* Modules */,
				E7E3B9B82BFB68D50025CC67 /* Models */,
				E7E3B9852BFB68C10025CC67 /* AppDelegate.swift */,
				E7E3B9872BFB68C10025CC67 /* SceneDelegate.swift */,
				E7E3B9892BFB68C10025CC67 /* ViewController.swift */,
				E7E3B98B2BFB68C10025CC67 /* Main.storyboard */,
				E7E3B9912BFB68C30025CC67 /* Assets.xcassets */,
				E7E3B9932BFB68C30025CC67 /* LaunchScreen.storyboard */,
				E7E3B9962BFB68C30025CC67 /* Info.plist */,
				E7E3B98E2BFB68C10025CC67 /* SportssApp.xcdatamodeld */,
				E7E3B9DB2BFB889F0025CC67 /* ScreensStoryBoard.storyboard */,
			);
			path = SportssApp;
			sourceTree = "<group>";
		};
		E7E3B99E2BFB68C30025CC67 /* SportssAppTests */ = {
			isa = PBXGroup;
			children = (
				E7438AD32C0132C2002D6422 /* serviceTest */,
				E7E3B99F2BFB68C30025CC67 /* SportssAppTests.swift */,
			);
			path = SportssAppTests;
			sourceTree = "<group>";
		};
		E7E3B9A82BFB68C30025CC67 /* SportssAppUITests */ = {
			isa = PBXGroup;
			children = (
				E7E3B9A92BFB68C30025CC67 /* SportssAppUITests.swift */,
				E7E3B9AB2BFB68C30025CC67 /* SportssAppUITestsLaunchTests.swift */,
			);
			path = SportssAppUITests;
			sourceTree = "<group>";
		};
		E7E3B9B82BFB68D50025CC67 /* Models */ = {
			isa = PBXGroup;
			children = (
				E7E3B9BB2BFB68E70025CC67 /* League.swift */,
				E7E3B9C42BFB70180025CC67 /* Sports.swift */,
				E7E3B9C62BFB70230025CC67 /* Response.swift */,
				E7E3B9C82BFB70410025CC67 /* Event.swift */,
				04CAEF932BFE42E2002E3DBE /* Team.swift */,
			);
			path = Models;
			sourceTree = "<group>";
		};
		E7E3B9BD2BFB6F2A0025CC67 /* Modules */ = {
			isa = PBXGroup;
			children = (
				E7E3B9C32BFB6F890025CC67 /* TeamDetails */,
				E7E3B9C22BFB6F660025CC67 /* Favorite */,
				E7E3B9C02BFB6F490025CC67 /* LeagueDetails */,
				E7E3B9BF2BFB6F3A0025CC67 /* Leagues */,
				E7E3B9BE2BFB6F300025CC67 /* Home */,
			);
			path = Modules;
			sourceTree = "<group>";
		};
		E7E3B9BE2BFB6F300025CC67 /* Home */ = {
			isa = PBXGroup;
			children = (
				E7E3B9CB2BFB721C0025CC67 /* view */,
				E7E3B9CA2BFB72150025CC67 /* viewModel */,
			);
			path = Home;
			sourceTree = "<group>";
		};
		E7E3B9BF2BFB6F3A0025CC67 /* Leagues */ = {
			isa = PBXGroup;
			children = (
				E755B7762BFE1BC900D6CBFA /* viewModel */,
				E755B7752BFE1BBC00D6CBFA /* view */,
			);
			path = Leagues;
			sourceTree = "<group>";
		};
		E7E3B9C02BFB6F490025CC67 /* LeagueDetails */ = {
			isa = PBXGroup;
			children = (
				E755B7862BFE237000D6CBFA /* viewModel */,
				E755B7852BFE236B00D6CBFA /* view */,
			);
			path = LeagueDetails;
			sourceTree = "<group>";
		};
		E7E3B9C22BFB6F660025CC67 /* Favorite */ = {
			isa = PBXGroup;
			children = (
				E7E3B9D12BFB7B6D0025CC67 /* viewModel */,
				E7E3B9D02BFB7B630025CC67 /* view */,
			);
			path = Favorite;
			sourceTree = "<group>";
		};
		E7E3B9C32BFB6F890025CC67 /* TeamDetails */ = {
			isa = PBXGroup;
			children = (
				04CAEF882BFE36ED002E3DBE /* viewModel */,
				04CAEF872BFE36E4002E3DBE /* view */,
			);
			path = TeamDetails;
			sourceTree = "<group>";
		};
		E7E3B9CA2BFB72150025CC67 /* viewModel */ = {
			isa = PBXGroup;
			children = (
				E7E3B9CC2BFB722F0025CC67 /* HomeViewModel.swift */,
			);
			path = viewModel;
			sourceTree = "<group>";
		};
		E7E3B9CB2BFB721C0025CC67 /* view */ = {
			isa = PBXGroup;
			children = (
				04B6BD492BFB7A9000D79563 /* HomeCollectionViewCell.swift */,
				04B6BD4D2BFB7F9000D79563 /* SportsViewController.swift */,
			);
			path = view;
			sourceTree = "<group>";
		};
		E7E3B9D02BFB7B630025CC67 /* view */ = {
			isa = PBXGroup;
			children = (
				E7E3B9CE2BFB7B600025CC67 /* FavoriteViewController.swift */,
				04E94FB92C0097DC00A9C735 /* FavoriteTableViewCell.swift */,
				04E94FBA2C0097DC00A9C735 /* FavoriteTableViewCell.xib */,
			);
			path = view;
			sourceTree = "<group>";
		};
		E7E3B9D12BFB7B6D0025CC67 /* viewModel */ = {
			isa = PBXGroup;
			children = (
				E7E3B9D22BFB7B840025CC67 /* FavoriteViewModel.swift */,
			);
			path = viewModel;
			sourceTree = "<group>";
		};
		E7E3B9D62BFB87440025CC67 /* Servies */ = {
			isa = PBXGroup;
			children = (
				E7E3B9D82BFB875B0025CC67 /* Storage */,
				E7E3B9D72BFB87560025CC67 /* Networking */,
			);
			path = Servies;
			sourceTree = "<group>";
		};
		E7E3B9D72BFB87560025CC67 /* Networking */ = {
			isa = PBXGroup;
			children = (
				E7E3B9D92BFB876A0025CC67 /* NetworkManager.swift */,
			);
			path = Networking;
			sourceTree = "<group>";
		};
		E7E3B9D82BFB875B0025CC67 /* Storage */ = {
			isa = PBXGroup;
			children = (
				E755B7832BFE209200D6CBFA /* DatabaseManager.swift */,
			);
			path = Storage;
			sourceTree = "<group>";
		};
/* End PBXGroup section */

/* Begin PBXNativeTarget section */
		E7E3B9812BFB68C10025CC67 /* SportssApp */ = {
			isa = PBXNativeTarget;
			buildConfigurationList = E7E3B9AF2BFB68C30025CC67 /* Build configuration list for PBXNativeTarget "SportssApp" */;
			buildPhases = (
				AFF9D40FCE37A6945CD844FB /* [CP] Check Pods Manifest.lock */,
				E7E3B97E2BFB68C10025CC67 /* Sources */,
				E7E3B97F2BFB68C10025CC67 /* Frameworks */,
				E7E3B9802BFB68C10025CC67 /* Resources */,
				8E6C64EDB1A6561C0E6EDC4A /* [CP] Embed Pods Frameworks */,
			);
			buildRules = (
			);
			dependencies = (
			);
			name = SportssApp;
			productName = SportssApp;
			productReference = E7E3B9822BFB68C10025CC67 /* SportssApp.app */;
			productType = "com.apple.product-type.application";
		};
		E7E3B99A2BFB68C30025CC67 /* SportssAppTests */ = {
			isa = PBXNativeTarget;
			buildConfigurationList = E7E3B9B22BFB68C30025CC67 /* Build configuration list for PBXNativeTarget "SportssAppTests" */;
			buildPhases = (
				0518A700964897703614FCC5 /* [CP] Check Pods Manifest.lock */,
				E7E3B9972BFB68C30025CC67 /* Sources */,
				E7E3B9982BFB68C30025CC67 /* Frameworks */,
				E7E3B9992BFB68C30025CC67 /* Resources */,
			);
			buildRules = (
			);
			dependencies = (
				E7E3B99D2BFB68C30025CC67 /* PBXTargetDependency */,
			);
			name = SportssAppTests;
			productName = SportssAppTests;
			productReference = E7E3B99B2BFB68C30025CC67 /* SportssAppTests.xctest */;
			productType = "com.apple.product-type.bundle.unit-test";
		};
		E7E3B9A42BFB68C30025CC67 /* SportssAppUITests */ = {
			isa = PBXNativeTarget;
			buildConfigurationList = E7E3B9B52BFB68C30025CC67 /* Build configuration list for PBXNativeTarget "SportssAppUITests" */;
			buildPhases = (
				050C902B296467A9935B9E1E /* [CP] Check Pods Manifest.lock */,
				E7E3B9A12BFB68C30025CC67 /* Sources */,
				E7E3B9A22BFB68C30025CC67 /* Frameworks */,
				E7E3B9A32BFB68C30025CC67 /* Resources */,
				8D6C126D4C00938A4DC13AD2 /* [CP] Embed Pods Frameworks */,
			);
			buildRules = (
			);
			dependencies = (
				E7E3B9A72BFB68C30025CC67 /* PBXTargetDependency */,
			);
			name = SportssAppUITests;
			productName = SportssAppUITests;
			productReference = E7E3B9A52BFB68C30025CC67 /* SportssAppUITests.xctest */;
			productType = "com.apple.product-type.bundle.ui-testing";
		};
/* End PBXNativeTarget section */

/* Begin PBXProject section */
		E7E3B97A2BFB68C10025CC67 /* Project object */ = {
			isa = PBXProject;
			attributes = {
				BuildIndependentTargetsInParallel = 1;
				LastSwiftUpdateCheck = 1520;
				LastUpgradeCheck = 1520;
				TargetAttributes = {
					E7E3B9812BFB68C10025CC67 = {
						CreatedOnToolsVersion = 15.2;
					};
					E7E3B99A2BFB68C30025CC67 = {
						CreatedOnToolsVersion = 15.2;
						TestTargetID = E7E3B9812BFB68C10025CC67;
					};
					E7E3B9A42BFB68C30025CC67 = {
						CreatedOnToolsVersion = 15.2;
						TestTargetID = E7E3B9812BFB68C10025CC67;
					};
				};
			};
			buildConfigurationList = E7E3B97D2BFB68C10025CC67 /* Build configuration list for PBXProject "SportssApp" */;
			compatibilityVersion = "Xcode 14.0";
			developmentRegion = en;
			hasScannedForEncodings = 0;
			knownRegions = (
				en,
				Base,
			);
			mainGroup = E7E3B9792BFB68C10025CC67;
			productRefGroup = E7E3B9832BFB68C10025CC67 /* Products */;
			projectDirPath = "";
			projectRoot = "";
			targets = (
				E7E3B9812BFB68C10025CC67 /* SportssApp */,
				E7E3B99A2BFB68C30025CC67 /* SportssAppTests */,
				E7E3B9A42BFB68C30025CC67 /* SportssAppUITests */,
			);
		};
/* End PBXProject section */

/* Begin PBXResourcesBuildPhase section */
		E7E3B9802BFB68C10025CC67 /* Resources */ = {
			isa = PBXResourcesBuildPhase;
			buildActionMask = 2147483647;
			files = (
				E74ACE9E2BFEF3D20048976B /* UpComingEventsCell.xib in Resources */,
				E7BDC2C02BFFBA13009C9E47 /* LatestEventsCell.xib in Resources */,
				E7E3B9952BFB68C30025CC67 /* LaunchScreen.storyboard in Resources */,
				E7E3B9922BFB68C30025CC67 /* Assets.xcassets in Resources */,
				E7E3B98D2BFB68C10025CC67 /* Main.storyboard in Resources */,
				E74ACEA22BFEF3E20048976B /* TeamCell.xib in Resources */,
				04E94FBB2C0097DC00A9C735 /* FavoriteTableViewCell.xib in Resources */,
				E7E3B9DC2BFB889F0025CC67 /* ScreensStoryBoard.storyboard in Resources */,
				E755B77A2BFE1CE000D6CBFA /* LeagueCell.xib in Resources */,
				E7033EF32BFF0DA800E50A3C /* HeaderCell.xib in Resources */,
				04CAEF902BFE3B2D002E3DBE /* TeamDetailsTableViewCell.xib in Resources */,
			);
			runOnlyForDeploymentPostprocessing = 0;
		};
		E7E3B9992BFB68C30025CC67 /* Resources */ = {
			isa = PBXResourcesBuildPhase;
			buildActionMask = 2147483647;
			files = (
			);
			runOnlyForDeploymentPostprocessing = 0;
		};
		E7E3B9A32BFB68C30025CC67 /* Resources */ = {
			isa = PBXResourcesBuildPhase;
			buildActionMask = 2147483647;
			files = (
			);
			runOnlyForDeploymentPostprocessing = 0;
		};
/* End PBXResourcesBuildPhase section */

/* Begin PBXShellScriptBuildPhase section */
		050C902B296467A9935B9E1E /* [CP] Check Pods Manifest.lock */ = {
			isa = PBXShellScriptBuildPhase;
			buildActionMask = 2147483647;
			files = (
			);
			inputFileListPaths = (
			);
			inputPaths = (
				"${PODS_PODFILE_DIR_PATH}/Podfile.lock",
				"${PODS_ROOT}/Manifest.lock",
			);
			name = "[CP] Check Pods Manifest.lock";
			outputFileListPaths = (
			);
			outputPaths = (
				"$(DERIVED_FILE_DIR)/Pods-SportssApp-SportssAppUITests-checkManifestLockResult.txt",
			);
			runOnlyForDeploymentPostprocessing = 0;
			shellPath = /bin/sh;
			shellScript = "diff \"${PODS_PODFILE_DIR_PATH}/Podfile.lock\" \"${PODS_ROOT}/Manifest.lock\" > /dev/null\nif [ $? != 0 ] ; then\n    # print error to STDERR\n    echo \"error: The sandbox is not in sync with the Podfile.lock. Run 'pod install' or update your CocoaPods installation.\" >&2\n    exit 1\nfi\n# This output is used by Xcode 'outputs' to avoid re-running this script phase.\necho \"SUCCESS\" > \"${SCRIPT_OUTPUT_FILE_0}\"\n";
			showEnvVarsInLog = 0;
		};
		0518A700964897703614FCC5 /* [CP] Check Pods Manifest.lock */ = {
			isa = PBXShellScriptBuildPhase;
			buildActionMask = 2147483647;
			files = (
			);
			inputFileListPaths = (
			);
			inputPaths = (
				"${PODS_PODFILE_DIR_PATH}/Podfile.lock",
				"${PODS_ROOT}/Manifest.lock",
			);
			name = "[CP] Check Pods Manifest.lock";
			outputFileListPaths = (
			);
			outputPaths = (
				"$(DERIVED_FILE_DIR)/Pods-SportssAppTests-checkManifestLockResult.txt",
			);
			runOnlyForDeploymentPostprocessing = 0;
			shellPath = /bin/sh;
			shellScript = "diff \"${PODS_PODFILE_DIR_PATH}/Podfile.lock\" \"${PODS_ROOT}/Manifest.lock\" > /dev/null\nif [ $? != 0 ] ; then\n    # print error to STDERR\n    echo \"error: The sandbox is not in sync with the Podfile.lock. Run 'pod install' or update your CocoaPods installation.\" >&2\n    exit 1\nfi\n# This output is used by Xcode 'outputs' to avoid re-running this script phase.\necho \"SUCCESS\" > \"${SCRIPT_OUTPUT_FILE_0}\"\n";
			showEnvVarsInLog = 0;
		};
		8D6C126D4C00938A4DC13AD2 /* [CP] Embed Pods Frameworks */ = {
			isa = PBXShellScriptBuildPhase;
			buildActionMask = 2147483647;
			files = (
			);
			inputFileListPaths = (
				"${PODS_ROOT}/Target Support Files/Pods-SportssApp-SportssAppUITests/Pods-SportssApp-SportssAppUITests-frameworks-${CONFIGURATION}-input-files.xcfilelist",
			);
			name = "[CP] Embed Pods Frameworks";
			outputFileListPaths = (
				"${PODS_ROOT}/Target Support Files/Pods-SportssApp-SportssAppUITests/Pods-SportssApp-SportssAppUITests-frameworks-${CONFIGURATION}-output-files.xcfilelist",
			);
			runOnlyForDeploymentPostprocessing = 0;
			shellPath = /bin/sh;
			shellScript = "\"${PODS_ROOT}/Target Support Files/Pods-SportssApp-SportssAppUITests/Pods-SportssApp-SportssAppUITests-frameworks.sh\"\n";
			showEnvVarsInLog = 0;
		};
		8E6C64EDB1A6561C0E6EDC4A /* [CP] Embed Pods Frameworks */ = {
			isa = PBXShellScriptBuildPhase;
			buildActionMask = 2147483647;
			files = (
			);
			inputFileListPaths = (
				"${PODS_ROOT}/Target Support Files/Pods-SportssApp/Pods-SportssApp-frameworks-${CONFIGURATION}-input-files.xcfilelist",
			);
			name = "[CP] Embed Pods Frameworks";
			outputFileListPaths = (
				"${PODS_ROOT}/Target Support Files/Pods-SportssApp/Pods-SportssApp-frameworks-${CONFIGURATION}-output-files.xcfilelist",
			);
			runOnlyForDeploymentPostprocessing = 0;
			shellPath = /bin/sh;
			shellScript = "\"${PODS_ROOT}/Target Support Files/Pods-SportssApp/Pods-SportssApp-frameworks.sh\"\n";
			showEnvVarsInLog = 0;
		};
		AFF9D40FCE37A6945CD844FB /* [CP] Check Pods Manifest.lock */ = {
			isa = PBXShellScriptBuildPhase;
			buildActionMask = 2147483647;
			files = (
			);
			inputFileListPaths = (
			);
			inputPaths = (
				"${PODS_PODFILE_DIR_PATH}/Podfile.lock",
				"${PODS_ROOT}/Manifest.lock",
			);
			name = "[CP] Check Pods Manifest.lock";
			outputFileListPaths = (
			);
			outputPaths = (
				"$(DERIVED_FILE_DIR)/Pods-SportssApp-checkManifestLockResult.txt",
			);
			runOnlyForDeploymentPostprocessing = 0;
			shellPath = /bin/sh;
			shellScript = "diff \"${PODS_PODFILE_DIR_PATH}/Podfile.lock\" \"${PODS_ROOT}/Manifest.lock\" > /dev/null\nif [ $? != 0 ] ; then\n    # print error to STDERR\n    echo \"error: The sandbox is not in sync with the Podfile.lock. Run 'pod install' or update your CocoaPods installation.\" >&2\n    exit 1\nfi\n# This output is used by Xcode 'outputs' to avoid re-running this script phase.\necho \"SUCCESS\" > \"${SCRIPT_OUTPUT_FILE_0}\"\n";
			showEnvVarsInLog = 0;
		};
/* End PBXShellScriptBuildPhase section */

/* Begin PBXSourcesBuildPhase section */
		E7E3B97E2BFB68C10025CC67 /* Sources */ = {
			isa = PBXSourcesBuildPhase;
			buildActionMask = 2147483647;
			files = (
				E755B7792BFE1CE000D6CBFA /* LeagueCell.swift in Sources */,
				E7E3B9C72BFB70230025CC67 /* Response.swift in Sources */,
				E7E3B9C92BFB70410025CC67 /* Event.swift in Sources */,
				04CAEF922BFE422B002E3DBE /* TeamDetailsViewModel.swift in Sources */,
				E7E3B9C52BFB70180025CC67 /* Sports.swift in Sources */,
				E755B77C2BFE1EA200D6CBFA /* AllLeaguesTableViewController.swift in Sources */,
				E7E3B9CD2BFB722F0025CC67 /* HomeViewModel.swift in Sources */,
				E755B77F2BFE1EFE00D6CBFA /* AllLeaguesViewModel.swift in Sources */,
				E7E3B9DA2BFB876A0025CC67 /* NetworkManager.swift in Sources */,
				04CAEF8F2BFE3B2D002E3DBE /* TeamDetailsTableViewCell.swift in Sources */,
				E7E3B98A2BFB68C10025CC67 /* ViewController.swift in Sources */,
				E7E3B9862BFB68C10025CC67 /* AppDelegate.swift in Sources */,
				04CAEF942BFE42E2002E3DBE /* Team.swift in Sources */,
				04B6BD4A2BFB7A9000D79563 /* HomeCollectionViewCell.swift in Sources */,
				E7E3B9902BFB68C10025CC67 /* SportssApp.xcdatamodeld in Sources */,
				E7BDC2BF2BFFBA13009C9E47 /* LatestEventsCell.swift in Sources */,
				E74ACEA42BFEF4100048976B /* LeagueDetailsViewModel.swift in Sources */,
				E74ACE9D2BFEF3D20048976B /* UpComingEventsCell.swift in Sources */,
				E74ACEA12BFEF3E20048976B /* TeamCell.swift in Sources */,
				04E94FBC2C0097DC00A9C735 /* FavoriteTableViewCell.swift in Sources */,
				E7E3B9BC2BFB68E70025CC67 /* League.swift in Sources */,
				E7E3B9CF2BFB7B600025CC67 /* FavoriteViewController.swift in Sources */,
				E7033EF22BFF0DA800E50A3C /* HeaderCell.swift in Sources */,
				E755B7822BFE1F2D00D6CBFA /* Constants.swift in Sources */,
				E7E3B9882BFB68C10025CC67 /* SceneDelegate.swift in Sources */,
				04B6BD4E2BFB7F9000D79563 /* SportsViewController.swift in Sources */,
				E755B7882BFE23A800D6CBFA /* LeagueDetailsViewController.swift in Sources */,
				E7E3B9D32BFB7B840025CC67 /* FavoriteViewModel.swift in Sources */,
				E755B7842BFE209200D6CBFA /* DatabaseManager.swift in Sources */,
				04CAEF8C2BFE3765002E3DBE /* TeamDetailsViewController.swift in Sources */,
			);
			runOnlyForDeploymentPostprocessing = 0;
		};
		E7E3B9972BFB68C30025CC67 /* Sources */ = {
			isa = PBXSourcesBuildPhase;
			buildActionMask = 2147483647;
			files = (
				0417F9112C03380800B15529 /* TestMock.swift in Sources */,
				0417F90F2C032EB800B15529 /* MockNetworkService.swift in Sources */,
				04B88D3C2C03BC6E00368D35 /* MockTest.swift in Sources */,
				E73D40EF2C027F8F007AFBB8 /* DatabaseMangaerTest.swift in Sources */,
				E7E3B9A02BFB68C30025CC67 /* SportssAppTests.swift in Sources */,
			);
			runOnlyForDeploymentPostprocessing = 0;
		};
		E7E3B9A12BFB68C30025CC67 /* Sources */ = {
			isa = PBXSourcesBuildPhase;
			buildActionMask = 2147483647;
			files = (
				E7E3B9AA2BFB68C30025CC67 /* SportssAppUITests.swift in Sources */,
				E7E3B9AC2BFB68C30025CC67 /* SportssAppUITestsLaunchTests.swift in Sources */,
			);
			runOnlyForDeploymentPostprocessing = 0;
		};
/* End PBXSourcesBuildPhase section */

/* Begin PBXTargetDependency section */
		E7E3B99D2BFB68C30025CC67 /* PBXTargetDependency */ = {
			isa = PBXTargetDependency;
			target = E7E3B9812BFB68C10025CC67 /* SportssApp */;
			targetProxy = E7E3B99C2BFB68C30025CC67 /* PBXContainerItemProxy */;
		};
		E7E3B9A72BFB68C30025CC67 /* PBXTargetDependency */ = {
			isa = PBXTargetDependency;
			target = E7E3B9812BFB68C10025CC67 /* SportssApp */;
			targetProxy = E7E3B9A62BFB68C30025CC67 /* PBXContainerItemProxy */;
		};
/* End PBXTargetDependency section */

/* Begin PBXVariantGroup section */
		E7E3B98B2BFB68C10025CC67 /* Main.storyboard */ = {
			isa = PBXVariantGroup;
			children = (
				E7E3B98C2BFB68C10025CC67 /* Base */,
			);
			name = Main.storyboard;
			sourceTree = "<group>";
		};
		E7E3B9932BFB68C30025CC67 /* LaunchScreen.storyboard */ = {
			isa = PBXVariantGroup;
			children = (
				E7E3B9942BFB68C30025CC67 /* Base */,
			);
			name = LaunchScreen.storyboard;
			sourceTree = "<group>";
		};
/* End PBXVariantGroup section */

/* Begin XCBuildConfiguration section */
		E7E3B9AD2BFB68C30025CC67 /* Debug */ = {
			isa = XCBuildConfiguration;
			buildSettings = {
				ALWAYS_SEARCH_USER_PATHS = NO;
				ASSETCATALOG_COMPILER_GENERATE_SWIFT_ASSET_SYMBOL_EXTENSIONS = YES;
				CLANG_ANALYZER_NONNULL = YES;
				CLANG_ANALYZER_NUMBER_OBJECT_CONVERSION = YES_AGGRESSIVE;
				CLANG_CXX_LANGUAGE_STANDARD = "gnu++20";
				CLANG_ENABLE_MODULES = YES;
				CLANG_ENABLE_OBJC_ARC = YES;
				CLANG_ENABLE_OBJC_WEAK = YES;
				CLANG_WARN_BLOCK_CAPTURE_AUTORELEASING = YES;
				CLANG_WARN_BOOL_CONVERSION = YES;
				CLANG_WARN_COMMA = YES;
				CLANG_WARN_CONSTANT_CONVERSION = YES;
				CLANG_WARN_DEPRECATED_OBJC_IMPLEMENTATIONS = YES;
				CLANG_WARN_DIRECT_OBJC_ISA_USAGE = YES_ERROR;
				CLANG_WARN_DOCUMENTATION_COMMENTS = YES;
				CLANG_WARN_EMPTY_BODY = YES;
				CLANG_WARN_ENUM_CONVERSION = YES;
				CLANG_WARN_INFINITE_RECURSION = YES;
				CLANG_WARN_INT_CONVERSION = YES;
				CLANG_WARN_NON_LITERAL_NULL_CONVERSION = YES;
				CLANG_WARN_OBJC_IMPLICIT_RETAIN_SELF = YES;
				CLANG_WARN_OBJC_LITERAL_CONVERSION = YES;
				CLANG_WARN_OBJC_ROOT_CLASS = YES_ERROR;
				CLANG_WARN_QUOTED_INCLUDE_IN_FRAMEWORK_HEADER = YES;
				CLANG_WARN_RANGE_LOOP_ANALYSIS = YES;
				CLANG_WARN_STRICT_PROTOTYPES = YES;
				CLANG_WARN_SUSPICIOUS_MOVE = YES;
				CLANG_WARN_UNGUARDED_AVAILABILITY = YES_AGGRESSIVE;
				CLANG_WARN_UNREACHABLE_CODE = YES;
				CLANG_WARN__DUPLICATE_METHOD_MATCH = YES;
				COPY_PHASE_STRIP = NO;
				DEBUG_INFORMATION_FORMAT = dwarf;
				ENABLE_STRICT_OBJC_MSGSEND = YES;
				ENABLE_TESTABILITY = YES;
				ENABLE_USER_SCRIPT_SANDBOXING = NO;
				GCC_C_LANGUAGE_STANDARD = gnu17;
				GCC_DYNAMIC_NO_PIC = NO;
				GCC_NO_COMMON_BLOCKS = YES;
				GCC_OPTIMIZATION_LEVEL = 0;
				GCC_PREPROCESSOR_DEFINITIONS = (
					"DEBUG=1",
					"$(inherited)",
				);
				GCC_WARN_64_TO_32_BIT_CONVERSION = YES;
				GCC_WARN_ABOUT_RETURN_TYPE = YES_ERROR;
				GCC_WARN_UNDECLARED_SELECTOR = YES;
				GCC_WARN_UNINITIALIZED_AUTOS = YES_AGGRESSIVE;
				GCC_WARN_UNUSED_FUNCTION = YES;
				GCC_WARN_UNUSED_VARIABLE = YES;
				IPHONEOS_DEPLOYMENT_TARGET = 15.1;
				LOCALIZATION_PREFERS_STRING_CATALOGS = YES;
				MTL_ENABLE_DEBUG_INFO = INCLUDE_SOURCE;
				MTL_FAST_MATH = YES;
				ONLY_ACTIVE_ARCH = YES;
				SDKROOT = iphoneos;
				SWIFT_ACTIVE_COMPILATION_CONDITIONS = "DEBUG $(inherited)";
				SWIFT_OPTIMIZATION_LEVEL = "-Onone";
			};
			name = Debug;
		};
		E7E3B9AE2BFB68C30025CC67 /* Release */ = {
			isa = XCBuildConfiguration;
			buildSettings = {
				ALWAYS_SEARCH_USER_PATHS = NO;
				ASSETCATALOG_COMPILER_GENERATE_SWIFT_ASSET_SYMBOL_EXTENSIONS = YES;
				CLANG_ANALYZER_NONNULL = YES;
				CLANG_ANALYZER_NUMBER_OBJECT_CONVERSION = YES_AGGRESSIVE;
				CLANG_CXX_LANGUAGE_STANDARD = "gnu++20";
				CLANG_ENABLE_MODULES = YES;
				CLANG_ENABLE_OBJC_ARC = YES;
				CLANG_ENABLE_OBJC_WEAK = YES;
				CLANG_WARN_BLOCK_CAPTURE_AUTORELEASING = YES;
				CLANG_WARN_BOOL_CONVERSION = YES;
				CLANG_WARN_COMMA = YES;
				CLANG_WARN_CONSTANT_CONVERSION = YES;
				CLANG_WARN_DEPRECATED_OBJC_IMPLEMENTATIONS = YES;
				CLANG_WARN_DIRECT_OBJC_ISA_USAGE = YES_ERROR;
				CLANG_WARN_DOCUMENTATION_COMMENTS = YES;
				CLANG_WARN_EMPTY_BODY = YES;
				CLANG_WARN_ENUM_CONVERSION = YES;
				CLANG_WARN_INFINITE_RECURSION = YES;
				CLANG_WARN_INT_CONVERSION = YES;
				CLANG_WARN_NON_LITERAL_NULL_CONVERSION = YES;
				CLANG_WARN_OBJC_IMPLICIT_RETAIN_SELF = YES;
				CLANG_WARN_OBJC_LITERAL_CONVERSION = YES;
				CLANG_WARN_OBJC_ROOT_CLASS = YES_ERROR;
				CLANG_WARN_QUOTED_INCLUDE_IN_FRAMEWORK_HEADER = YES;
				CLANG_WARN_RANGE_LOOP_ANALYSIS = YES;
				CLANG_WARN_STRICT_PROTOTYPES = YES;
				CLANG_WARN_SUSPICIOUS_MOVE = YES;
				CLANG_WARN_UNGUARDED_AVAILABILITY = YES_AGGRESSIVE;
				CLANG_WARN_UNREACHABLE_CODE = YES;
				CLANG_WARN__DUPLICATE_METHOD_MATCH = YES;
				COPY_PHASE_STRIP = NO;
				DEBUG_INFORMATION_FORMAT = "dwarf-with-dsym";
				ENABLE_NS_ASSERTIONS = NO;
				ENABLE_STRICT_OBJC_MSGSEND = YES;
				ENABLE_USER_SCRIPT_SANDBOXING = NO;
				GCC_C_LANGUAGE_STANDARD = gnu17;
				GCC_NO_COMMON_BLOCKS = YES;
				GCC_WARN_64_TO_32_BIT_CONVERSION = YES;
				GCC_WARN_ABOUT_RETURN_TYPE = YES_ERROR;
				GCC_WARN_UNDECLARED_SELECTOR = YES;
				GCC_WARN_UNINITIALIZED_AUTOS = YES_AGGRESSIVE;
				GCC_WARN_UNUSED_FUNCTION = YES;
				GCC_WARN_UNUSED_VARIABLE = YES;
				IPHONEOS_DEPLOYMENT_TARGET = 15.1;
				LOCALIZATION_PREFERS_STRING_CATALOGS = YES;
				MTL_ENABLE_DEBUG_INFO = NO;
				MTL_FAST_MATH = YES;
				SDKROOT = iphoneos;
				SWIFT_COMPILATION_MODE = wholemodule;
				VALIDATE_PRODUCT = YES;
			};
			name = Release;
		};
		E7E3B9B02BFB68C30025CC67 /* Debug */ = {
			isa = XCBuildConfiguration;
			baseConfigurationReference = 00CD9B55F54BB5BC1B6A8F90 /* Pods-SportssApp.debug.xcconfig */;
			buildSettings = {
				ASSETCATALOG_COMPILER_APPICON_NAME = AppIcon;
				ASSETCATALOG_COMPILER_GLOBAL_ACCENT_COLOR_NAME = AccentColor;
				CODE_SIGN_STYLE = Automatic;
				CURRENT_PROJECT_VERSION = 1;
				DEVELOPMENT_TEAM = W8Y5UUN6C9;
				ENABLE_USER_SCRIPT_SANDBOXING = NO;
				GENERATE_INFOPLIST_FILE = YES;
				INFOPLIST_FILE = SportssApp/Info.plist;
				INFOPLIST_KEY_UIApplicationSupportsIndirectInputEvents = YES;
				INFOPLIST_KEY_UILaunchStoryboardName = LaunchScreen;
				INFOPLIST_KEY_UIMainStoryboardFile = Main;
				INFOPLIST_KEY_UISupportedInterfaceOrientations_iPad = "UIInterfaceOrientationPortrait UIInterfaceOrientationPortraitUpsideDown UIInterfaceOrientationLandscapeLeft UIInterfaceOrientationLandscapeRight";
				INFOPLIST_KEY_UISupportedInterfaceOrientations_iPhone = "UIInterfaceOrientationPortrait UIInterfaceOrientationLandscapeLeft UIInterfaceOrientationLandscapeRight";
				IPHONEOS_DEPLOYMENT_TARGET = 15.1;
				LD_RUNPATH_SEARCH_PATHS = (
					"$(inherited)",
					"@executable_path/Frameworks",
				);
				MARKETING_VERSION = 1.0;
				PRODUCT_BUNDLE_IDENTIFIER = ITI.SportsssApp;
				PRODUCT_NAME = "$(TARGET_NAME)";
				SWIFT_EMIT_LOC_STRINGS = YES;
				SWIFT_VERSION = 5.0;
				TARGETED_DEVICE_FAMILY = "1,2";
			};
			name = Debug;
		};
		E7E3B9B12BFB68C30025CC67 /* Release */ = {
			isa = XCBuildConfiguration;
			baseConfigurationReference = 61FC45324A2BA1ADE9568E41 /* Pods-SportssApp.release.xcconfig */;
			buildSettings = {
				ASSETCATALOG_COMPILER_APPICON_NAME = AppIcon;
				ASSETCATALOG_COMPILER_GLOBAL_ACCENT_COLOR_NAME = AccentColor;
				CODE_SIGN_STYLE = Automatic;
				CURRENT_PROJECT_VERSION = 1;
				DEVELOPMENT_TEAM = W8Y5UUN6C9;
				ENABLE_USER_SCRIPT_SANDBOXING = NO;
				GENERATE_INFOPLIST_FILE = YES;
				INFOPLIST_FILE = SportssApp/Info.plist;
				INFOPLIST_KEY_UIApplicationSupportsIndirectInputEvents = YES;
				INFOPLIST_KEY_UILaunchStoryboardName = LaunchScreen;
				INFOPLIST_KEY_UIMainStoryboardFile = Main;
				INFOPLIST_KEY_UISupportedInterfaceOrientations_iPad = "UIInterfaceOrientationPortrait UIInterfaceOrientationPortraitUpsideDown UIInterfaceOrientationLandscapeLeft UIInterfaceOrientationLandscapeRight";
				INFOPLIST_KEY_UISupportedInterfaceOrientations_iPhone = "UIInterfaceOrientationPortrait UIInterfaceOrientationLandscapeLeft UIInterfaceOrientationLandscapeRight";
				IPHONEOS_DEPLOYMENT_TARGET = 15.1;
				LD_RUNPATH_SEARCH_PATHS = (
					"$(inherited)",
					"@executable_path/Frameworks",
				);
				MARKETING_VERSION = 1.0;
				PRODUCT_BUNDLE_IDENTIFIER = ITI.SportsssApp;
				PRODUCT_NAME = "$(TARGET_NAME)";
				SWIFT_EMIT_LOC_STRINGS = YES;
				SWIFT_VERSION = 5.0;
				TARGETED_DEVICE_FAMILY = "1,2";
			};
			name = Release;
		};
		E7E3B9B32BFB68C30025CC67 /* Debug */ = {
			isa = XCBuildConfiguration;
			baseConfigurationReference = A23645013D4967560F2CDF30 /* Pods-SportssAppTests.debug.xcconfig */;
			buildSettings = {
				ALWAYS_EMBED_SWIFT_STANDARD_LIBRARIES = YES;
				BUNDLE_LOADER = "$(TEST_HOST)";
				CODE_SIGN_STYLE = Automatic;
				CURRENT_PROJECT_VERSION = 1;
				DEVELOPMENT_TEAM = W8Y5UUN6C9;
				GENERATE_INFOPLIST_FILE = YES;
				IPHONEOS_DEPLOYMENT_TARGET = 15.1;
				MARKETING_VERSION = 1.0;
				PRODUCT_BUNDLE_IDENTIFIER = ITI.SportssAppTests;
				PRODUCT_NAME = "$(TARGET_NAME)";
				SWIFT_EMIT_LOC_STRINGS = NO;
				SWIFT_VERSION = 5.0;
				TARGETED_DEVICE_FAMILY = "1,2";
				TEST_HOST = "$(BUILT_PRODUCTS_DIR)/SportssApp.app/$(BUNDLE_EXECUTABLE_FOLDER_PATH)/SportssApp";
			};
			name = Debug;
		};
		E7E3B9B42BFB68C30025CC67 /* Release */ = {
			isa = XCBuildConfiguration;
			baseConfigurationReference = C035A186ED91AEDD65E10E01 /* Pods-SportssAppTests.release.xcconfig */;
			buildSettings = {
				ALWAYS_EMBED_SWIFT_STANDARD_LIBRARIES = YES;
				BUNDLE_LOADER = "$(TEST_HOST)";
				CODE_SIGN_STYLE = Automatic;
				CURRENT_PROJECT_VERSION = 1;
				DEVELOPMENT_TEAM = W8Y5UUN6C9;
				GENERATE_INFOPLIST_FILE = YES;
				IPHONEOS_DEPLOYMENT_TARGET = 15.1;
				MARKETING_VERSION = 1.0;
				PRODUCT_BUNDLE_IDENTIFIER = ITI.SportssAppTests;
				PRODUCT_NAME = "$(TARGET_NAME)";
				SWIFT_EMIT_LOC_STRINGS = NO;
				SWIFT_VERSION = 5.0;
				TARGETED_DEVICE_FAMILY = "1,2";
				TEST_HOST = "$(BUILT_PRODUCTS_DIR)/SportssApp.app/$(BUNDLE_EXECUTABLE_FOLDER_PATH)/SportssApp";
			};
			name = Release;
		};
		E7E3B9B62BFB68C30025CC67 /* Debug */ = {
			isa = XCBuildConfiguration;
			baseConfigurationReference = 3F10822ED72497F9D54A37D0 /* Pods-SportssApp-SportssAppUITests.debug.xcconfig */;
			buildSettings = {
				ALWAYS_EMBED_SWIFT_STANDARD_LIBRARIES = YES;
				"CODE_SIGN_IDENTITY[sdk=macosx*]" = "Apple Development";
				CODE_SIGN_STYLE = Automatic;
				CURRENT_PROJECT_VERSION = 1;
				DEVELOPMENT_TEAM = W8Y5UUN6C9;
				GENERATE_INFOPLIST_FILE = YES;
				IPHONEOS_DEPLOYMENT_TARGET = 15.1;
				MARKETING_VERSION = 1.0;
				PRODUCT_BUNDLE_IDENTIFIER = ITI.SportssAppUITests;
				PRODUCT_NAME = "$(TARGET_NAME)";
				SWIFT_EMIT_LOC_STRINGS = NO;
				SWIFT_VERSION = 5.0;
				TARGETED_DEVICE_FAMILY = "1,2";
				TEST_TARGET_NAME = SportssApp;
			};
			name = Debug;
		};
		E7E3B9B72BFB68C30025CC67 /* Release */ = {
			isa = XCBuildConfiguration;
			baseConfigurationReference = 6A8029BE59618484602E7AFD /* Pods-SportssApp-SportssAppUITests.release.xcconfig */;
			buildSettings = {
				ALWAYS_EMBED_SWIFT_STANDARD_LIBRARIES = YES;
				"CODE_SIGN_IDENTITY[sdk=macosx*]" = "Apple Development";
				CODE_SIGN_STYLE = Automatic;
				CURRENT_PROJECT_VERSION = 1;
				DEVELOPMENT_TEAM = W8Y5UUN6C9;
				GENERATE_INFOPLIST_FILE = YES;
				IPHONEOS_DEPLOYMENT_TARGET = 15.1;
				MARKETING_VERSION = 1.0;
				PRODUCT_BUNDLE_IDENTIFIER = ITI.SportssAppUITests;
				PRODUCT_NAME = "$(TARGET_NAME)";
				SWIFT_EMIT_LOC_STRINGS = NO;
				SWIFT_VERSION = 5.0;
				TARGETED_DEVICE_FAMILY = "1,2";
				TEST_TARGET_NAME = SportssApp;
			};
			name = Release;
		};
/* End XCBuildConfiguration section */

/* Begin XCConfigurationList section */
		E7E3B97D2BFB68C10025CC67 /* Build configuration list for PBXProject "SportssApp" */ = {
			isa = XCConfigurationList;
			buildConfigurations = (
				E7E3B9AD2BFB68C30025CC67 /* Debug */,
				E7E3B9AE2BFB68C30025CC67 /* Release */,
			);
			defaultConfigurationIsVisible = 0;
			defaultConfigurationName = Release;
		};
		E7E3B9AF2BFB68C30025CC67 /* Build configuration list for PBXNativeTarget "SportssApp" */ = {
			isa = XCConfigurationList;
			buildConfigurations = (
				E7E3B9B02BFB68C30025CC67 /* Debug */,
				E7E3B9B12BFB68C30025CC67 /* Release */,
			);
			defaultConfigurationIsVisible = 0;
			defaultConfigurationName = Release;
		};
		E7E3B9B22BFB68C30025CC67 /* Build configuration list for PBXNativeTarget "SportssAppTests" */ = {
			isa = XCConfigurationList;
			buildConfigurations = (
				E7E3B9B32BFB68C30025CC67 /* Debug */,
				E7E3B9B42BFB68C30025CC67 /* Release */,
			);
			defaultConfigurationIsVisible = 0;
			defaultConfigurationName = Release;
		};
		E7E3B9B52BFB68C30025CC67 /* Build configuration list for PBXNativeTarget "SportssAppUITests" */ = {
			isa = XCConfigurationList;
			buildConfigurations = (
				E7E3B9B62BFB68C30025CC67 /* Debug */,
				E7E3B9B72BFB68C30025CC67 /* Release */,
			);
			defaultConfigurationIsVisible = 0;
			defaultConfigurationName = Release;
		};
/* End XCConfigurationList section */

/* Begin XCVersionGroup section */
		E7E3B98E2BFB68C10025CC67 /* SportssApp.xcdatamodeld */ = {
			isa = XCVersionGroup;
			children = (
				E7E3B98F2BFB68C10025CC67 /* SportssApp.xcdatamodel */,
			);
			currentVersion = E7E3B98F2BFB68C10025CC67 /* SportssApp.xcdatamodel */;
			path = SportssApp.xcdatamodeld;
			sourceTree = "<group>";
			versionGroupType = wrapper.xcdatamodel;
		};
/* End XCVersionGroup section */
	};
	rootObject = E7E3B97A2BFB68C10025CC67 /* Project object */;
}
